
Microsoft Visual Studio Solution File, Format Version 12.00
# Visual Studio 2013
VisualStudioVersion = 12.0.31101.0
MinimumVisualStudioVersion = 10.0.40219.1
Project("{FAE04EC0-301F-11D3-BF4B-00C04F79EFBC}") = "FengSharp.WinForm", "FengSharp.WinForm\FengSharp.WinForm.csproj", "{EDB6004D-30D5-4051-ACA8-9B847FB50FEB}"
EndProject
Project("{FAE04EC0-301F-11D3-BF4B-00C04F79EFBC}") = "FengSharp.WinForm.Dev", "FengSharp.WinForm.Dev\FengSharp.WinForm.Dev.csproj", "{8E8A8F0C-3BB5-46D9-ABAB-D50C34F80599}"
EndProject
Project("{FAE04EC0-301F-11D3-BF4B-00C04F79EFBC}") = "FengSharp.Tool", "FengSharp.Tool\FengSharp.Tool.csproj", "{F9A88BFB-C15B-43A0-BD3F-64399ECD6D98}"
EndProject
Project("{FAE04EC0-301F-11D3-BF4B-00C04F79EFBC}") = "FengSharp.Update", "FengSharp.Update\FengSharp.Update.csproj", "{5B5B47C9-A280-40FD-800F-696BAB78E535}"
EndProject
Project("{FAE04EC0-301F-11D3-BF4B-00C04F79EFBC}") = "FengSharp.UpdateMaker", "FengSharp.UpdateMaker\FengSharp.UpdateMaker.csproj", "{8DC2D40A-1D65-4EB0-8005-DCFF48260AE4}"
EndProject
Global
	GlobalSection(SolutionConfigurationPlatforms) = preSolution
		Debug|Any CPU = Debug|Any CPU
		Release|Any CPU = Release|Any CPU
	EndGlobalSection
	GlobalSection(ProjectConfigurationPlatforms) = postSolution
		{EDB6004D-30D5-4051-ACA8-9B847FB50FEB}.Debug|Any CPU.ActiveCfg = Debug|Any CPU
		{EDB6004D-30D5-4051-ACA8-9B847FB50FEB}.Debug|Any CPU.Build.0 = Debug|Any CPU
		{EDB6004D-30D5-4051-ACA8-9B847FB50FEB}.Release|Any CPU.ActiveCfg = Release|Any CPU
		{EDB6004D-30D5-4051-ACA8-9B847FB50FEB}.Release|Any CPU.Build.0 = Release|Any CPU
		{8E8A8F0C-3BB5-46D9-ABAB-D50C34F80599}.Debug|Any CPU.ActiveCfg = Debug|Any CPU
		{8E8A8F0C-3BB5-46D9-ABAB-D50C34F80599}.Debug|Any CPU.Build.0 = Debug|Any CPU
		{8E8A8F0C-3BB5-46D9-ABAB-D50C34F80599}.Release|Any CPU.ActiveCfg = Release|Any CPU
		{8E8A8F0C-3BB5-46D9-ABAB-D50C34F80599}.Release|Any CPU.Build.0 = Release|Any CPU
		{F9A88BFB-C15B-43A0-BD3F-64399ECD6D98}.Debug|Any CPU.ActiveCfg = Debug|Any CPU
		{F9A88BFB-C15B-43A0-BD3F-64399ECD6D98}.Debug|Any CPU.Build.0 = Debug|Any CPU
		{F9A88BFB-C15B-43A0-BD3F-64399ECD6D98}.Release|Any CPU.ActiveCfg = Release|Any CPU
		{F9A88BFB-C15B-43A0-BD3F-64399ECD6D98}.Release|Any CPU.Build.0 = Release|Any CPU
		{5B5B47C9-A280-40FD-800F-696BAB78E535}.Debug|Any CPU.ActiveCfg = Debug|Any CPU
		{5B5B47C9-A280-40FD-800F-696BAB78E535}.Debug|Any CPU.Build.0 = Debug|Any CPU
		{5B5B47C9-A280-40FD-800F-696BAB78E535}.Release|Any CPU.ActiveCfg = Release|Any CPU
		{5B5B47C9-A280-40FD-800F-696BAB78E535}.Release|Any CPU.Build.0 = Release|Any CPU
		{8DC2D40A-1D65-4EB0-8005-DCFF48260AE4}.Debug|Any CPU.ActiveCfg = Debug|Any CPU
		{8DC2D40A-1D65-4EB0-8005-DCFF48260AE4}.Debug|Any CPU.Build.0 = Debug|Any CPU
		{8DC2D40A-1D65-4EB0-8005-DCFF48260AE4}.Release|Any CPU.ActiveCfg = Release|Any CPU
		{8DC2D40A-1D65-4EB0-8005-DCFF48260AE4}.Release|Any CPU.Build.0 = Release|Any CPU
	EndGlobalSection
	GlobalSection(SolutionProperties) = preSolution
		HideSolutionNode = FALSE
	EndGlobalSection
EndGlobal
